
Microsoft Visual Studio Solution File, Format Version 11.00
# Visual Studio 2010
Project("{FAE04EC0-301F-11D3-BF4B-00C04F79EFBC}") = "MacMenuBarPanel", "MacMenuBarPanel\MacMenuBarPanel.csproj", "{DBF1195F-03C5-453D-A167-42A0974B1672}"
EndProject
Global
	GlobalSection(SolutionConfigurationPlatforms) = preSolution
		Debug|x86 = Debug|x86
		Release|x86 = Release|x86
		AppStore|x86 = AppStore|x86
	EndGlobalSection
	GlobalSection(ProjectConfigurationPlatforms) = postSolution
		{DBF1195F-03C5-453D-A167-42A0974B1672}.AppStore|x86.ActiveCfg = AppStore|x86
		{DBF1195F-03C5-453D-A167-42A0974B1672}.AppStore|x86.Build.0 = AppStore|x86
		{DBF1195F-03C5-453D-A167-42A0974B1672}.Debug|x86.ActiveCfg = Debug|x86
		{DBF1195F-03C5-453D-A167-42A0974B1672}.Debug|x86.Build.0 = Debug|x86
		{DBF1195F-03C5-453D-A167-42A0974B1672}.Release|x86.ActiveCfg = Release|x86
		{DBF1195F-03C5-453D-A167-42A0974B1672}.Release|x86.Build.0 = Release|x86
	EndGlobalSection
	GlobalSection(MonoDevelopProperties) = preSolution
		StartupItem = MacMenuBarPanel\MacMenuBarPanel.csproj
	EndGlobalSection
EndGlobal
